
Microsoft Visual Studio Solution File, Format Version 12.00
# Visual Studio Version 17
VisualStudioVersion = 17.0.32112.339
MinimumVisualStudioVersion = 10.0.40219.1
Project("{FAE04EC0-301F-11D3-BF4B-00C04F79EFBC}") = "SuperHeroAPI", "SuperHeroAPI\SuperHeroAPI.csproj", "{8CE22ADA-AADC-4F5B-9D9F-772AB4FBFA78}"
EndProject
Global
	GlobalSection(SolutionConfigurationPlatforms) = preSolution
		Debug|Any CPU = Debug|Any CPU
		Release|Any CPU = Release|Any CPU
	EndGlobalSection
	GlobalSection(ProjectConfigurationPlatforms) = postSolution
		{8CE22ADA-AADC-4F5B-9D9F-772AB4FBFA78}.Debug|Any CPU.ActiveCfg = Debug|Any CPU
		{8CE22ADA-AADC-4F5B-9D9F-772AB4FBFA78}.Debug|Any CPU.Build.0 = Debug|Any CPU
		{8CE22ADA-AADC-4F5B-9D9F-772AB4FBFA78}.Release|Any CPU.ActiveCfg = Release|Any CPU
		{8CE22ADA-AADC-4F5B-9D9F-772AB4FBFA78}.Release|Any CPU.Build.0 = Release|Any CPU
	EndGlobalSection
	GlobalSection(SolutionProperties) = preSolution
		HideSolutionNode = FALSE
	EndGlobalSection
	GlobalSection(ExtensibilityGlobals) = postSolution
		SolutionGuid = {EFC1444C-D7EA-4510-BC45-2D383C565892}
	EndGlobalSection
EndGlobal
